# THIS IS AN AUTOGENERATED FILE. DO NOT EDIT THIS FILE DIRECTLY.
# yarn lockfile v1


"@types/node@^18.11.9":
  version "18.11.9"
  resolved "https://registry.yarnpkg.com/@types/node/-/node-18.11.9.tgz#02d013de7058cea16d36168ef2fc653464cfbad4"
  integrity sha512-CRpX21/kGdzjOpFsZSkcrXMGIBWMGNIHXXBVFSH+ggkftxg+XYP20TESbh+zFvFj3EQOl5byk0HTRn1IL6hbqg==

esbuild-android-arm64@0.13.15:
  version "0.13.15"
  resolved "https://registry.yarnpkg.com/esbuild-android-arm64/-/esbuild-android-arm64-0.13.15.tgz#3fc3ff0bab76fe35dd237476b5d2b32bb20a3d44"
  integrity sha512-m602nft/XXeO8YQPUDVoHfjyRVPdPgjyyXOxZ44MK/agewFFkPa8tUo6lAzSWh5Ui5PB4KR9UIFTSBKh/RrCmg==

esbuild-darwin-64@0.13.15:
  version "0.13.15"
  resolved "https://registry.yarnpkg.com/esbuild-darwin-64/-/esbuild-darwin-64-0.13.15.tgz#8e9169c16baf444eacec60d09b24d11b255a8e72"
  integrity sha512-ihOQRGs2yyp7t5bArCwnvn2Atr6X4axqPpEdCFPVp7iUj4cVSdisgvEKdNR7yH3JDjW6aQDw40iQFoTqejqxvQ==

esbuild-darwin-arm64@0.13.15:
  version "0.13.15"
  resolved "https://registry.yarnpkg.com/esbuild-darwin-arm64/-/esbuild-darwin-arm64-0.13.15.tgz#1b07f893b632114f805e188ddfca41b2b778229a"
  integrity sha512-i1FZssTVxUqNlJ6cBTj5YQj4imWy3m49RZRnHhLpefFIh0To05ow9DTrXROTE1urGTQCloFUXTX8QfGJy1P8dQ==

esbuild-freebsd-64@0.13.15:
  version "0.13.15"
  resolved "https://registry.yarnpkg.com/esbuild-freebsd-64/-/esbuild-freebsd-64-0.13.15.tgz#0b8b7eca1690c8ec94c75680c38c07269c1f4a85"
  integrity sha512-G3dLBXUI6lC6Z09/x+WtXBXbOYQZ0E8TDBqvn7aMaOCzryJs8LyVXKY4CPnHFXZAbSwkCbqiPuSQ1+HhrNk7EA==

esbuild-freebsd-arm64@0.13.15:
  version "0.13.15"
  resolved "https://registry.yarnpkg.com/esbuild-freebsd-arm64/-/esbuild-freebsd-arm64-0.13.15.tgz#2e1a6c696bfdcd20a99578b76350b41db1934e52"
  integrity sha512-KJx0fzEDf1uhNOZQStV4ujg30WlnwqUASaGSFPhznLM/bbheu9HhqZ6mJJZM32lkyfGJikw0jg7v3S0oAvtvQQ==

esbuild-linux-32@0.13.15:
  version "0.13.15"
  resolved "https://registry.yarnpkg.com/esbuild-linux-32/-/esbuild-linux-32-0.13.15.tgz#6fd39f36fc66dd45b6b5f515728c7bbebc342a69"
  integrity sha512-ZvTBPk0YWCLMCXiFmD5EUtB30zIPvC5Itxz0mdTu/xZBbbHJftQgLWY49wEPSn2T/TxahYCRDWun5smRa0Tu+g==

esbuild-linux-64@0.13.15:
  version "0.13.15"
  resolved "https://registry.yarnpkg.com/esbuild-linux-64/-/esbuild-linux-64-0.13.15.tgz#9cb8e4bcd7574e67946e4ee5f1f1e12386bb6dd3"
  integrity sha512-eCKzkNSLywNeQTRBxJRQ0jxRCl2YWdMB3+PkWFo2BBQYC5mISLIVIjThNtn6HUNqua1pnvgP5xX0nHbZbPj5oA==

esbuild-linux-arm64@0.13.15:
  version "0.13.15"
  resolved "https://registry.yarnpkg.com/esbuild-linux-arm64/-/esbuild-linux-arm64-0.13.15.tgz#3891aa3704ec579a1b92d2a586122e5b6a2bfba1"
  integrity sha512-bYpuUlN6qYU9slzr/ltyLTR9YTBS7qUDymO8SV7kjeNext61OdmqFAzuVZom+OLW1HPHseBfJ/JfdSlx8oTUoA==

esbuild-linux-arm@0.13.15:
  version "0.13.15"
  resolved "https://registry.yarnpkg.com/esbuild-linux-arm/-/esbuild-linux-arm-0.13.15.tgz#8a00e99e6a0c6c9a6b7f334841364d8a2b4aecfe"
  integrity sha512-wUHttDi/ol0tD8ZgUMDH8Ef7IbDX+/UsWJOXaAyTdkT7Yy9ZBqPg8bgB/Dn3CZ9SBpNieozrPRHm0BGww7W/jA==

esbuild-linux-mips64le@0.13.15:
  version "0.13.15"
  resolved "https://registry.yarnpkg.com/esbuild-linux-mips64le/-/esbuild-linux-mips64le-0.13.15.tgz#36b07cc47c3d21e48db3bb1f4d9ef8f46aead4f7"
  integrity sha512-KlVjIG828uFPyJkO/8gKwy9RbXhCEUeFsCGOJBepUlpa7G8/SeZgncUEz/tOOUJTcWMTmFMtdd3GElGyAtbSWg==

esbuild-linux-ppc64le@0.13.15:
  version "0.13.15"
  resolved "https://registry.yarnpkg.com/esbuild-linux-ppc64le/-/esbuild-linux-ppc64le-0.13.15.tgz#f7e6bba40b9a11eb9dcae5b01550ea04670edad2"
  integrity sha512-h6gYF+OsaqEuBjeesTBtUPw0bmiDu7eAeuc2OEH9S6mV9/jPhPdhOWzdeshb0BskRZxPhxPOjqZ+/OqLcxQwEQ==

esbuild-netbsd-64@0.13.15:
  version "0.13.15"
  resolved "https://registry.yarnpkg.com/esbuild-netbsd-64/-/esbuild-netbsd-64-0.13.15.tgz#a2fedc549c2b629d580a732d840712b08d440038"
  integrity sha512-3+yE9emwoevLMyvu+iR3rsa+Xwhie7ZEHMGDQ6dkqP/ndFzRHkobHUKTe+NCApSqG5ce2z4rFu+NX/UHnxlh3w==

esbuild-openbsd-64@0.13.15:
  version "0.13.15"
  resolved "https://registry.yarnpkg.com/esbuild-openbsd-64/-/esbuild-openbsd-64-0.13.15.tgz#b22c0e5806d3a1fbf0325872037f885306b05cd7"
  integrity sha512-wTfvtwYJYAFL1fSs8yHIdf5GEE4NkbtbXtjLWjM3Cw8mmQKqsg8kTiqJ9NJQe5NX/5Qlo7Xd9r1yKMMkHllp5g==

esbuild-sunos-64@0.13.15:
  version "0.13.15"
  resolved "https://registry.yarnpkg.com/esbuild-sunos-64/-/esbuild-sunos-64-0.13.15.tgz#d0b6454a88375ee8d3964daeff55c85c91c7cef4"
  integrity sha512-lbivT9Bx3t1iWWrSnGyBP9ODriEvWDRiweAs69vI+miJoeKwHWOComSRukttbuzjZ8r1q0mQJ8Z7yUsDJ3hKdw==

esbuild-windows-32@0.13.15:
  version "0.13.15"
  resolved "https://registry.yarnpkg.com/esbuild-windows-32/-/esbuild-windows-32-0.13.15.tgz#c96d0b9bbb52f3303322582ef8e4847c5ad375a7"
  integrity sha512-fDMEf2g3SsJ599MBr50cY5ve5lP1wyVwTe6aLJsM01KtxyKkB4UT+fc5MXQFn3RLrAIAZOG+tHC+yXObpSn7Nw==

esbuild-windows-64@0.13.15:
  version "0.13.15"
  resolved "https://registry.yarnpkg.com/esbuild-windows-64/-/esbuild-windows-64-0.13.15.tgz#1f79cb9b1e1bb02fb25cd414cb90d4ea2892c294"
  integrity sha512-9aMsPRGDWCd3bGjUIKG/ZOJPKsiztlxl/Q3C1XDswO6eNX/Jtwu4M+jb6YDH9hRSUflQWX0XKAfWzgy5Wk54JQ==

esbuild-windows-arm64@0.13.15:
  version "0.13.15"
  resolved "https://registry.yarnpkg.com/esbuild-windows-arm64/-/esbuild-windows-arm64-0.13.15.tgz#482173070810df22a752c686509c370c3be3b3c3"
  integrity sha512-zzvyCVVpbwQQATaf3IG8mu1IwGEiDxKkYUdA4FpoCHi1KtPa13jeScYDjlW0Qh+ebWzpKfR2ZwvqAQkSWNcKjA==

esbuild@^0.13.1:
  version "0.13.15"
  resolved "https://registry.yarnpkg.com/esbuild/-/esbuild-0.13.15.tgz#db56a88166ee373f87dbb2d8798ff449e0450cdf"
  integrity sha512-raCxt02HBKv8RJxE8vkTSCXGIyKHdEdGfUmiYb8wnabnaEmHzyW7DCHb5tEN0xU8ryqg5xw54mcwnYkC4x3AIw==
  optionalDependencies:
    esbuild-android-arm64 "0.13.15"
    esbuild-darwin-64 "0.13.15"
    esbuild-darwin-arm64 "0.13.15"
    esbuild-freebsd-64 "0.13.15"
    esbuild-freebsd-arm64 "0.13.15"
    esbuild-linux-32 "0.13.15"
    esbuild-linux-64 "0.13.15"
    esbuild-linux-arm "0.13.15"
    esbuild-linux-arm64 "0.13.15"
    esbuild-linux-mips64le "0.13.15"
    esbuild-linux-ppc64le "0.13.15"
    esbuild-netbsd-64 "0.13.15"
    esbuild-openbsd-64 "0.13.15"
    esbuild-sunos-64 "0.13.15"
    esbuild-windows-32 "0.13.15"
    esbuild-windows-64 "0.13.15"
    esbuild-windows-arm64 "0.13.15"

fsevents@~2.3.2:
  version "2.3.2"
  resolved "https://registry.yarnpkg.com/fsevents/-/fsevents-2.3.2.tgz#8a526f78b8fdf4623b709e0b975c52c24c02fd1a"
  integrity sha512-xiqMQR4xAeHTuB9uWm+fFRcIOgKBMiOBP+eXiyT7jsgVCq1bkVygt00oASowB7EdtpOHaaPgKt812P9ab+DDKA==

function-bind@^1.1.1:
  version "1.1.1"
  resolved "https://registry.yarnpkg.com/function-bind/-/function-bind-1.1.1.tgz#a56899d3ea3c9bab874bb9773b7c5ede92f4895d"
  integrity sha512-yIovAzMX49sF8Yl58fSCWJ5svSLuaibPxXQJFLmBObTuCr0Mf1KiPopGM9NiFjiYBCbfaa2Fh6breQ6ANVTI0A==

gl-matrix@^3.4.3:
  version "3.4.3"
  resolved "https://registry.yarnpkg.com/gl-matrix/-/gl-matrix-3.4.3.tgz#fc1191e8320009fd4d20e9339595c6041ddc22c9"
  integrity sha512-wcCp8vu8FT22BnvKVPjXa/ICBWRq/zjFfdofZy1WSpQZpphblv12/bOQLBC1rMM7SGOFS9ltVmKOHil5+Ml7gA==

has@^1.0.3:
  version "1.0.3"
  resolved "https://registry.yarnpkg.com/has/-/has-1.0.3.tgz#722d7cbfc1f6aa8241f16dd814e011e1f41e8796"
  integrity sha512-f2dvO0VU6Oej7RkWJGrehjbzMAjFp5/VKPp5tTpWIV4JHHZK1/BxbFRtf/siA2SWTe09caDmVtYYzWEIbBS4zw==
  dependencies:
    function-bind "^1.1.1"

is-core-module@^2.9.0:
  version "2.11.0"
  resolved "https://registry.yarnpkg.com/is-core-module/-/is-core-module-2.11.0.tgz#ad4cb3e3863e814523c96f3f58d26cc570ff0144"
  integrity sha512-RRjxlvLDkD1YJwDbroBHMb+cukurkDWNyHx7D3oNB5x9rb5ogcksMC5wHCadcXoo67gVr/+3GFySh3134zi6rw==
  dependencies:
    has "^1.0.3"

nanoid@^3.3.4:
  version "3.3.4"
  resolved "https://registry.yarnpkg.com/nanoid/-/nanoid-3.3.4.tgz#730b67e3cd09e2deacf03c027c81c9d9dbc5e8ab"
  integrity sha512-MqBkQh/OHTS2egovRtLk45wEyNXwF+cokD+1YPf9u5VfJiRdAiRwB2froX5Co9Rh20xs4siNPm8naNotSD6RBw==

path-parse@^1.0.7:
  version "1.0.7"
  resolved "https://registry.yarnpkg.com/path-parse/-/path-parse-1.0.7.tgz#fbc114b60ca42b30d9daf5858e4bd68bbedb6735"
  integrity sha512-LDJzPVEEEPR+y48z93A0Ed0yXb8pAByGWo/k5YYdYgpY2/2EsOsksJrq7lOHxryrVOn1ejG6oAp8ahvOIQD8sw==

picocolors@^1.0.0:
  version "1.0.0"
  resolved "https://registry.yarnpkg.com/picocolors/-/picocolors-1.0.0.tgz#cb5bdc74ff3f51892236eaf79d68bc44564ab81c"
  integrity sha512-1fygroTLlHu66zi26VoTDv8yRgm0Fccecssto+MhsZ0D/DGW2sm8E8AjW7NU5VVTRt5GxbeZ5qBuJr+HyLYkjQ==

postcss@^8.3.7:
  version "8.4.19"
  resolved "https://registry.yarnpkg.com/postcss/-/postcss-8.4.19.tgz#61178e2add236b17351897c8bcc0b4c8ecab56fc"
  integrity sha512-h+pbPsyhlYj6N2ozBmHhHrs9DzGmbaarbLvWipMRO7RLS+v4onj26MPFXA5OBYFxyqYhUJK456SwDcY9H2/zsA==
  dependencies:
    nanoid "^3.3.4"
    picocolors "^1.0.0"
    source-map-js "^1.0.2"

resolve@^1.20.0:
  version "1.22.1"
  resolved "https://registry.yarnpkg.com/resolve/-/resolve-1.22.1.tgz#27cb2ebb53f91abb49470a928bba7558066ac177"
  integrity sha512-nBpuuYuY5jFsli/JIs1oldw6fOQCBioohqWZg/2hiaOybXOft4lonv85uDOKXdf8rhyK159cxU5cDcK/NKk8zw==
  dependencies:
    is-core-module "^2.9.0"
    path-parse "^1.0.7"
    supports-preserve-symlinks-flag "^1.0.0"

rollup@^2.57.0:
  version "2.79.1"
  resolved "https://registry.yarnpkg.com/rollup/-/rollup-2.79.1.tgz#bedee8faef7c9f93a2647ac0108748f497f081c7"
  integrity sha512-uKxbd0IhMZOhjAiD5oAFp7BqvkA4Dv47qpOCtaNvng4HBwdbWtdOh8f5nZNuk2rp51PMGk3bzfWu5oayNEuYnw==
  optionalDependencies:
    fsevents "~2.3.2"

source-map-js@^1.0.2:
  version "1.0.2"
  resolved "https://registry.yarnpkg.com/source-map-js/-/source-map-js-1.0.2.tgz#adbc361d9c62df380125e7f161f71c826f1e490c"
  integrity sha512-R0XvVJ9WusLiqTCEiGCmICCMplcCkIwwR11mOSD9CR5u+IXYdiseeEuXCVAjS54zqwkLcPNnmU4OeJ6tUrWhDw==

supports-preserve-symlinks-flag@^1.0.0:
  version "1.0.0"
  resolved "https://registry.yarnpkg.com/supports-preserve-symlinks-flag/-/supports-preserve-symlinks-flag-1.0.0.tgz#6eda4bd344a3c94aea376d4cc31bc77311039e09"
  integrity sha512-ot0WnXS9fgdkgIcePe6RHNk1WA8+muPa6cSjeR3V8K27q9BB1rTE3R1p7Hv0z1ZyAc8s6Vvv8DIyWf681MAt0w==

typescript@^4.9.3:
  version "4.9.3"
  resolved "https://registry.yarnpkg.com/typescript/-/typescript-4.9.3.tgz#3aea307c1746b8c384435d8ac36b8a2e580d85db"
  integrity sha512-CIfGzTelbKNEnLpLdGFgdyKhG23CKdKgQPOBc+OUNrkJ2vr+KSzsSV5kq5iWhEQbok+quxgGzrAtGWCyU7tHnA==

vite@2.6.0-beta.1:
  version "2.6.0-beta.1"
  resolved "https://registry.yarnpkg.com/vite/-/vite-2.6.0-beta.1.tgz#c7f1f7a610b1a5c3e6142b00bc14878c6059fa16"
  integrity sha512-6xmIFj5Pn9T1bAF41HSycYmvaTlaA5b0atxihx7uqJyC8ZAsPX5fp1e6yHwSjTXi740nIjprtQwzifla98dFng==
  dependencies:
    esbuild "^0.13.1"
    postcss "^8.3.7"
    resolve "^1.20.0"
    rollup "^2.57.0"
  optionalDependencies:
    fsevents "~2.3.2"
